// !$*UTF8*$!
{
	archiveVersion = 1;
	classes = {
	};
	objectVersion = 51;
	objects = {

/* Begin PBXBuildFile section */
		1375703A6FC5C1D093A2C68E /* Pods_RSS_Reader.framework in Frameworks */ = {isa = PBXBuildFile; fileRef = F57FC2291357A09669DD4028 /* Pods_RSS_Reader.framework */; };
		3415B2E0265FFC3800C17E8A /* FeedManager.swift in Sources */ = {isa = PBXBuildFile; fileRef = 3415B2DF265FFC3800C17E8A /* FeedManager.swift */; };
		3454063A265ED3DE00227560 /* NewsTableViewCell.swift in Sources */ = {isa = PBXBuildFile; fileRef = 34540639265ED3DE00227560 /* NewsTableViewCell.swift */; };
		34608D9C26637FD300A8AA47 /* StorageManager.swift in Sources */ = {isa = PBXBuildFile; fileRef = 34608D9B26637FD300A8AA47 /* StorageManager.swift */; };
		34608DA42663B23900A8AA47 /* NewsViewController.swift in Sources */ = {isa = PBXBuildFile; fileRef = 34608DA32663B23900A8AA47 /* NewsViewController.swift */; };
		34608DA62663D0C100A8AA47 /* DownloadImageOperator.swift in Sources */ = {isa = PBXBuildFile; fileRef = 34608DA52663D0C100A8AA47 /* DownloadImageOperator.swift */; };
		34608DA82663D12000A8AA47 /* ImageFilterOperator.swift in Sources */ = {isa = PBXBuildFile; fileRef = 34608DA72663D12000A8AA47 /* ImageFilterOperator.swift */; };
		346C5C1926615E860082F363 /* ImageView.swift in Sources */ = {isa = PBXBuildFile; fileRef = 346C5C1826615E860082F363 /* ImageView.swift */; };
		346C5C1B266160230082F363 /* DateFormatter.swift in Sources */ = {isa = PBXBuildFile; fileRef = 346C5C1A266160230082F363 /* DateFormatter.swift */; };
		346C5C202662476B0082F363 /* LoadingCell.swift in Sources */ = {isa = PBXBuildFile; fileRef = 346C5C1E2662476B0082F363 /* LoadingCell.swift */; };
		346C5C212662476B0082F363 /* LoadingCell.xib in Resources */ = {isa = PBXBuildFile; fileRef = 346C5C1F2662476B0082F363 /* LoadingCell.xib */; };
		347F32F1265D46A800CE3804 /* AppDelegate.swift in Sources */ = {isa = PBXBuildFile; fileRef = 347F32F0265D46A800CE3804 /* AppDelegate.swift */; };
		347F32F3265D46A800CE3804 /* SceneDelegate.swift in Sources */ = {isa = PBXBuildFile; fileRef = 347F32F2265D46A800CE3804 /* SceneDelegate.swift */; };
		347F32F8265D46A800CE3804 /* Main.storyboard in Resources */ = {isa = PBXBuildFile; fileRef = 347F32F6265D46A800CE3804 /* Main.storyboard */; };
		347F32FA265D46A900CE3804 /* Assets.xcassets in Resources */ = {isa = PBXBuildFile; fileRef = 347F32F9265D46A900CE3804 /* Assets.xcassets */; };
		347F32FD265D46A900CE3804 /* LaunchScreen.storyboard in Resources */ = {isa = PBXBuildFile; fileRef = 347F32FB265D46A900CE3804 /* LaunchScreen.storyboard */; };
		347F3305265D6D3A00CE3804 /* NewsTableViewController.swift in Sources */ = {isa = PBXBuildFile; fileRef = 347F3304265D6D3A00CE3804 /* NewsTableViewController.swift */; };
/* End PBXBuildFile section */

/* Begin PBXFileReference section */
		3415B2DF265FFC3800C17E8A /* FeedManager.swift */ = {isa = PBXFileReference; lastKnownFileType = sourcecode.swift; path = FeedManager.swift; sourceTree = "<group>"; };
		34540639265ED3DE00227560 /* NewsTableViewCell.swift */ = {isa = PBXFileReference; lastKnownFileType = sourcecode.swift; path = NewsTableViewCell.swift; sourceTree = "<group>"; };
		34608D9B26637FD300A8AA47 /* StorageManager.swift */ = {isa = PBXFileReference; lastKnownFileType = sourcecode.swift; path = StorageManager.swift; sourceTree = "<group>"; };
		34608DA32663B23900A8AA47 /* NewsViewController.swift */ = {isa = PBXFileReference; lastKnownFileType = sourcecode.swift; path = NewsViewController.swift; sourceTree = "<group>"; };
		34608DA52663D0C100A8AA47 /* DownloadImageOperator.swift */ = {isa = PBXFileReference; lastKnownFileType = sourcecode.swift; path = DownloadImageOperator.swift; sourceTree = "<group>"; };
		34608DA72663D12000A8AA47 /* ImageFilterOperator.swift */ = {isa = PBXFileReference; lastKnownFileType = sourcecode.swift; path = ImageFilterOperator.swift; sourceTree = "<group>"; };
		346C5C1826615E860082F363 /* ImageView.swift */ = {isa = PBXFileReference; lastKnownFileType = sourcecode.swift; path = ImageView.swift; sourceTree = "<group>"; };
		346C5C1A266160230082F363 /* DateFormatter.swift */ = {isa = PBXFileReference; lastKnownFileType = sourcecode.swift; path = DateFormatter.swift; sourceTree = "<group>"; };
		346C5C1E2662476B0082F363 /* LoadingCell.swift */ = {isa = PBXFileReference; lastKnownFileType = sourcecode.swift; path = LoadingCell.swift; sourceTree = "<group>"; };
		346C5C1F2662476B0082F363 /* LoadingCell.xib */ = {isa = PBXFileReference; lastKnownFileType = file.xib; path = LoadingCell.xib; sourceTree = "<group>"; };
		347F32ED265D46A800CE3804 /* RSS Reader.app */ = {isa = PBXFileReference; explicitFileType = wrapper.application; includeInIndex = 0; path = "RSS Reader.app"; sourceTree = BUILT_PRODUCTS_DIR; };
		347F32F0265D46A800CE3804 /* AppDelegate.swift */ = {isa = PBXFileReference; lastKnownFileType = sourcecode.swift; path = AppDelegate.swift; sourceTree = "<group>"; };
		347F32F2265D46A800CE3804 /* SceneDelegate.swift */ = {isa = PBXFileReference; lastKnownFileType = sourcecode.swift; path = SceneDelegate.swift; sourceTree = "<group>"; };
		347F32F7265D46A800CE3804 /* Base */ = {isa = PBXFileReference; lastKnownFileType = file.storyboard; name = Base; path = Base.lproj/Main.storyboard; sourceTree = "<group>"; };
		347F32F9265D46A900CE3804 /* Assets.xcassets */ = {isa = PBXFileReference; lastKnownFileType = folder.assetcatalog; path = Assets.xcassets; sourceTree = "<group>"; };
		347F32FC265D46A900CE3804 /* Base */ = {isa = PBXFileReference; lastKnownFileType = file.storyboard; name = Base; path = Base.lproj/LaunchScreen.storyboard; sourceTree = "<group>"; };
		347F32FE265D46A900CE3804 /* Info.plist */ = {isa = PBXFileReference; lastKnownFileType = text.plist.xml; path = Info.plist; sourceTree = "<group>"; };
		347F3304265D6D3A00CE3804 /* NewsTableViewController.swift */ = {isa = PBXFileReference; lastKnownFileType = sourcecode.swift; path = NewsTableViewController.swift; sourceTree = "<group>"; };
		ACF901584548657A991FE9F4 /* Pods-RSS Reader.debug.xcconfig */ = {isa = PBXFileReference; includeInIndex = 1; lastKnownFileType = text.xcconfig; name = "Pods-RSS Reader.debug.xcconfig"; path = "Target Support Files/Pods-RSS Reader/Pods-RSS Reader.debug.xcconfig"; sourceTree = "<group>"; };
		E92DAB30DB3B23354728FCFD /* Pods-RSS Reader.release.xcconfig */ = {isa = PBXFileReference; includeInIndex = 1; lastKnownFileType = text.xcconfig; name = "Pods-RSS Reader.release.xcconfig"; path = "Target Support Files/Pods-RSS Reader/Pods-RSS Reader.release.xcconfig"; sourceTree = "<group>"; };
		F57FC2291357A09669DD4028 /* Pods_RSS_Reader.framework */ = {isa = PBXFileReference; explicitFileType = wrapper.framework; includeInIndex = 0; path = Pods_RSS_Reader.framework; sourceTree = BUILT_PRODUCTS_DIR; };
/* End PBXFileReference section */

/* Begin PBXFrameworksBuildPhase section */
		347F32EA265D46A800CE3804 /* Frameworks */ = {
			isa = PBXFrameworksBuildPhase;
			buildActionMask = 2147483647;
			files = (
				1375703A6FC5C1D093A2C68E /* Pods_RSS_Reader.framework in Frameworks */,
			);
			runOnlyForDeploymentPostprocessing = 0;
		};
/* End PBXFrameworksBuildPhase section */

/* Begin PBXGroup section */
		3415B2E1265FFC3E00C17E8A /* Services */ = {
			isa = PBXGroup;
			children = (
				3415B2DF265FFC3800C17E8A /* FeedManager.swift */,
				346C5C1A266160230082F363 /* DateFormatter.swift */,
				34608D9B26637FD300A8AA47 /* StorageManager.swift */,
				34608DA52663D0C100A8AA47 /* DownloadImageOperator.swift */,
				34608DA72663D12000A8AA47 /* ImageFilterOperator.swift */,
			);
			path = Services;
			sourceTree = "<group>";
		};
		34540635265ED08200227560 /* ViewCotrollers */ = {
			isa = PBXGroup;
			children = (
				347F3304265D6D3A00CE3804 /* NewsTableViewController.swift */,
				34608DA32663B23900A8AA47 /* NewsViewController.swift */,
			);
			path = ViewCotrollers;
			sourceTree = "<group>";
		};
		34540636265ED0B300227560 /* Storyboards */ = {
			isa = PBXGroup;
			children = (
				346C5C1F2662476B0082F363 /* LoadingCell.xib */,
				347F32FB265D46A900CE3804 /* LaunchScreen.storyboard */,
				347F32F6265D46A800CE3804 /* Main.storyboard */,
			);
			path = Storyboards;
			sourceTree = "<group>";
		};
		34540637265ED3A600227560 /* Sources */ = {
			isa = PBXGroup;
			children = (
				347F32F9265D46A900CE3804 /* Assets.xcassets */,
			);
			path = Sources;
			sourceTree = "<group>";
		};
		34540638265ED3B900227560 /* App */ = {
			isa = PBXGroup;
			children = (
				347F32F0265D46A800CE3804 /* AppDelegate.swift */,
				347F32F2265D46A800CE3804 /* SceneDelegate.swift */,
				347F32FE265D46A900CE3804 /* Info.plist */,
			);
			path = App;
			sourceTree = "<group>";
		};
		3454063B265ED3E300227560 /* Views */ = {
			isa = PBXGroup;
			children = (
				34540639265ED3DE00227560 /* NewsTableViewCell.swift */,
				346C5C1E2662476B0082F363 /* LoadingCell.swift */,
				346C5C1826615E860082F363 /* ImageView.swift */,
			);
			path = Views;
			sourceTree = "<group>";
		};
		347F32E4265D46A800CE3804 = {
			isa = PBXGroup;
			children = (
				347F32EF265D46A800CE3804 /* RSS Reader */,
				347F32EE265D46A800CE3804 /* Products */,
				E5E172B3E18D92B408700136 /* Pods */,
				58294F98E47640800908349A /* Frameworks */,
			);
			sourceTree = "<group>";
		};
		347F32EE265D46A800CE3804 /* Products */ = {
			isa = PBXGroup;
			children = (
				347F32ED265D46A800CE3804 /* RSS Reader.app */,
			);
			name = Products;
			sourceTree = "<group>";
		};
		347F32EF265D46A800CE3804 /* RSS Reader */ = {
			isa = PBXGroup;
			children = (
				34540635265ED08200227560 /* ViewCotrollers */,
				3454063B265ED3E300227560 /* Views */,
				34540636265ED0B300227560 /* Storyboards */,
				34540637265ED3A600227560 /* Sources */,
				34540638265ED3B900227560 /* App */,
				3415B2E1265FFC3E00C17E8A /* Services */,
			);
			path = "RSS Reader";
			sourceTree = "<group>";
		};
		58294F98E47640800908349A /* Frameworks */ = {
			isa = PBXGroup;
			children = (
				F57FC2291357A09669DD4028 /* Pods_RSS_Reader.framework */,
			);
			name = Frameworks;
			sourceTree = "<group>";
		};
		E5E172B3E18D92B408700136 /* Pods */ = {
			isa = PBXGroup;
			children = (
				ACF901584548657A991FE9F4 /* Pods-RSS Reader.debug.xcconfig */,
				E92DAB30DB3B23354728FCFD /* Pods-RSS Reader.release.xcconfig */,
			);
			path = Pods;
			sourceTree = "<group>";
		};
/* End PBXGroup section */

/* Begin PBXNativeTarget section */
		347F32EC265D46A800CE3804 /* RSS Reader */ = {
			isa = PBXNativeTarget;
			buildConfigurationList = 347F3301265D46A900CE3804 /* Build configuration list for PBXNativeTarget "RSS Reader" */;
			buildPhases = (
				27A3B9C385D9C0EA969695F0 /* [CP] Check Pods Manifest.lock */,
				347F32E9265D46A800CE3804 /* Sources */,
				347F32EA265D46A800CE3804 /* Frameworks */,
				347F32EB265D46A800CE3804 /* Resources */,
				08038A082D6D42AFDB199509 /* [CP] Embed Pods Frameworks */,
			);
			buildRules = (
			);
			dependencies = (
			);
			name = "RSS Reader";
			productName = "RSS Reader";
			productReference = 347F32ED265D46A800CE3804 /* RSS Reader.app */;
			productType = "com.apple.product-type.application";
		};
/* End PBXNativeTarget section */

/* Begin PBXProject section */
		347F32E5265D46A800CE3804 /* Project object */ = {
			isa = PBXProject;
			attributes = {
				LastSwiftUpdateCheck = 1250;
				LastUpgradeCheck = 1250;
				TargetAttributes = {
					347F32EC265D46A800CE3804 = {
						CreatedOnToolsVersion = 12.5;
					};
				};
			};
			buildConfigurationList = 347F32E8265D46A800CE3804 /* Build configuration list for PBXProject "RSS Reader" */;
			compatibilityVersion = "Xcode 9.3";
			developmentRegion = en;
			hasScannedForEncodings = 0;
			knownRegions = (
				en,
				Base,
			);
			mainGroup = 347F32E4265D46A800CE3804;
			productRefGroup = 347F32EE265D46A800CE3804 /* Products */;
			projectDirPath = "";
			projectRoot = "";
			targets = (
				347F32EC265D46A800CE3804 /* RSS Reader */,
			);
		};
/* End PBXProject section */

/* Begin PBXResourcesBuildPhase section */
		347F32EB265D46A800CE3804 /* Resources */ = {
			isa = PBXResourcesBuildPhase;
			buildActionMask = 2147483647;
			files = (
				347F32FD265D46A900CE3804 /* LaunchScreen.storyboard in Resources */,
				347F32FA265D46A900CE3804 /* Assets.xcassets in Resources */,
				346C5C212662476B0082F363 /* LoadingCell.xib in Resources */,
				347F32F8265D46A800CE3804 /* Main.storyboard in Resources */,
			);
			runOnlyForDeploymentPostprocessing = 0;
		};
/* End PBXResourcesBuildPhase section */

/* Begin PBXShellScriptBuildPhase section */
		08038A082D6D42AFDB199509 /* [CP] Embed Pods Frameworks */ = {
			isa = PBXShellScriptBuildPhase;
			buildActionMask = 2147483647;
			files = (
			);
			inputFileListPaths = (
				"${PODS_ROOT}/Target Support Files/Pods-RSS Reader/Pods-RSS Reader-frameworks-${CONFIGURATION}-input-files.xcfilelist",
			);
			name = "[CP] Embed Pods Frameworks";
			outputFileListPaths = (
				"${PODS_ROOT}/Target Support Files/Pods-RSS Reader/Pods-RSS Reader-frameworks-${CONFIGURATION}-output-files.xcfilelist",
			);
			runOnlyForDeploymentPostprocessing = 0;
			shellPath = /bin/sh;
			shellScript = "\"${PODS_ROOT}/Target Support Files/Pods-RSS Reader/Pods-RSS Reader-frameworks.sh\"\n";
			showEnvVarsInLog = 0;
		};
		27A3B9C385D9C0EA969695F0 /* [CP] Check Pods Manifest.lock */ = {
			isa = PBXShellScriptBuildPhase;
			buildActionMask = 2147483647;
			files = (
			);
			inputFileListPaths = (
			);
			inputPaths = (
				"${PODS_PODFILE_DIR_PATH}/Podfile.lock",
				"${PODS_ROOT}/Manifest.lock",
			);
			name = "[CP] Check Pods Manifest.lock";
			outputFileListPaths = (
			);
			outputPaths = (
				"$(DERIVED_FILE_DIR)/Pods-RSS Reader-checkManifestLockResult.txt",
			);
			runOnlyForDeploymentPostprocessing = 0;
			shellPath = /bin/sh;
			shellScript = "diff \"${PODS_PODFILE_DIR_PATH}/Podfile.lock\" \"${PODS_ROOT}/Manifest.lock\" > /dev/null\nif [ $? != 0 ] ; then\n    # print error to STDERR\n    echo \"error: The sandbox is not in sync with the Podfile.lock. Run 'pod install' or update your CocoaPods installation.\" >&2\n    exit 1\nfi\n# This output is used by Xcode 'outputs' to avoid re-running this script phase.\necho \"SUCCESS\" > \"${SCRIPT_OUTPUT_FILE_0}\"\n";
			showEnvVarsInLog = 0;
		};
/* End PBXShellScriptBuildPhase section */

/* Begin PBXSourcesBuildPhase section */
		347F32E9265D46A800CE3804 /* Sources */ = {
			isa = PBXSourcesBuildPhase;
			buildActionMask = 2147483647;
			files = (
				346C5C1B266160230082F363 /* DateFormatter.swift in Sources */,
				347F32F1265D46A800CE3804 /* AppDelegate.swift in Sources */,
				346C5C202662476B0082F363 /* LoadingCell.swift in Sources */,
				34608DA42663B23900A8AA47 /* NewsViewController.swift in Sources */,
				34608D9C26637FD300A8AA47 /* StorageManager.swift in Sources */,
				347F32F3265D46A800CE3804 /* SceneDelegate.swift in Sources */,
				3415B2E0265FFC3800C17E8A /* FeedManager.swift in Sources */,
				3454063A265ED3DE00227560 /* NewsTableViewCell.swift in Sources */,
				346C5C1926615E860082F363 /* ImageView.swift in Sources */,
				34608DA82663D12000A8AA47 /* ImageFilterOperator.swift in Sources */,
				347F3305265D6D3A00CE3804 /* NewsTableViewController.swift in Sources */,
				34608DA62663D0C100A8AA47 /* DownloadImageOperator.swift in Sources */,
			);
			runOnlyForDeploymentPostprocessing = 0;
		};
/* End PBXSourcesBuildPhase section */

/* Begin PBXVariantGroup section */
		347F32F6265D46A800CE3804 /* Main.storyboard */ = {
			isa = PBXVariantGroup;
			children = (
				347F32F7265D46A800CE3804 /* Base */,
			);
			name = Main.storyboard;
			sourceTree = "<group>";
		};
		347F32FB265D46A900CE3804 /* LaunchScreen.storyboard */ = {
			isa = PBXVariantGroup;
			children = (
				347F32FC265D46A900CE3804 /* Base */,
			);
			name = LaunchScreen.storyboard;
			sourceTree = "<group>";
		};
/* End PBXVariantGroup section */

/* Begin XCBuildConfiguration section */
		347F32FF265D46A900CE3804 /* Debug */ = {
			isa = XCBuildConfiguration;
			buildSettings = {
				ALWAYS_SEARCH_USER_PATHS = NO;
				CLANG_ANALYZER_NONNULL = YES;
				CLANG_ANALYZER_NUMBER_OBJECT_CONVERSION = YES_AGGRESSIVE;
				CLANG_CXX_LANGUAGE_STANDARD = "gnu++14";
				CLANG_CXX_LIBRARY = "libc++";
				CLANG_ENABLE_MODULES = YES;
				CLANG_ENABLE_OBJC_ARC = YES;
				CLANG_ENABLE_OBJC_WEAK = YES;
				CLANG_WARN_BLOCK_CAPTURE_AUTORELEASING = YES;
				CLANG_WARN_BOOL_CONVERSION = YES;
				CLANG_WARN_COMMA = YES;
				CLANG_WARN_CONSTANT_CONVERSION = YES;
				CLANG_WARN_DEPRECATED_OBJC_IMPLEMENTATIONS = YES;
				CLANG_WARN_DIRECT_OBJC_ISA_USAGE = YES_ERROR;
				CLANG_WARN_DOCUMENTATION_COMMENTS = YES;
				CLANG_WARN_EMPTY_BODY = YES;
				CLANG_WARN_ENUM_CONVERSION = YES;
				CLANG_WARN_INFINITE_RECURSION = YES;
				CLANG_WARN_INT_CONVERSION = YES;
				CLANG_WARN_NON_LITERAL_NULL_CONVERSION = YES;
				CLANG_WARN_OBJC_IMPLICIT_RETAIN_SELF = YES;
				CLANG_WARN_OBJC_LITERAL_CONVERSION = YES;
				CLANG_WARN_OBJC_ROOT_CLASS = YES_ERROR;
				CLANG_WARN_QUOTED_INCLUDE_IN_FRAMEWORK_HEADER = YES;
				CLANG_WARN_RANGE_LOOP_ANALYSIS = YES;
				CLANG_WARN_STRICT_PROTOTYPES = YES;
				CLANG_WARN_SUSPICIOUS_MOVE = YES;
				CLANG_WARN_UNGUARDED_AVAILABILITY = YES_AGGRESSIVE;
				CLANG_WARN_UNREACHABLE_CODE = YES;
				CLANG_WARN__DUPLICATE_METHOD_MATCH = YES;
				COPY_PHASE_STRIP = NO;
				DEBUG_INFORMATION_FORMAT = dwarf;
				ENABLE_STRICT_OBJC_MSGSEND = YES;
				ENABLE_TESTABILITY = YES;
				GCC_C_LANGUAGE_STANDARD = gnu11;
				GCC_DYNAMIC_NO_PIC = NO;
				GCC_NO_COMMON_BLOCKS = YES;
				GCC_OPTIMIZATION_LEVEL = 0;
				GCC_PREPROCESSOR_DEFINITIONS = (
					"DEBUG=1",
					"$(inherited)",
				);
				GCC_WARN_64_TO_32_BIT_CONVERSION = YES;
				GCC_WARN_ABOUT_RETURN_TYPE = YES_ERROR;
				GCC_WARN_UNDECLARED_SELECTOR = YES;
				GCC_WARN_UNINITIALIZED_AUTOS = YES_AGGRESSIVE;
				GCC_WARN_UNUSED_FUNCTION = YES;
				GCC_WARN_UNUSED_VARIABLE = YES;
				IPHONEOS_DEPLOYMENT_TARGET = 14.5;
				MTL_ENABLE_DEBUG_INFO = INCLUDE_SOURCE;
				MTL_FAST_MATH = YES;
				ONLY_ACTIVE_ARCH = YES;
				SDKROOT = iphoneos;
				SWIFT_ACTIVE_COMPILATION_CONDITIONS = DEBUG;
				SWIFT_OPTIMIZATION_LEVEL = "-Onone";
			};
			name = Debug;
		};
		347F3300265D46A900CE3804 /* Release */ = {
			isa = XCBuildConfiguration;
			buildSettings = {
				ALWAYS_SEARCH_USER_PATHS = NO;
				CLANG_ANALYZER_NONNULL = YES;
				CLANG_ANALYZER_NUMBER_OBJECT_CONVERSION = YES_AGGRESSIVE;
				CLANG_CXX_LANGUAGE_STANDARD = "gnu++14";
				CLANG_CXX_LIBRARY = "libc++";
				CLANG_ENABLE_MODULES = YES;
				CLANG_ENABLE_OBJC_ARC = YES;
				CLANG_ENABLE_OBJC_WEAK = YES;
				CLANG_WARN_BLOCK_CAPTURE_AUTORELEASING = YES;
				CLANG_WARN_BOOL_CONVERSION = YES;
				CLANG_WARN_COMMA = YES;
				CLANG_WARN_CONSTANT_CONVERSION = YES;
				CLANG_WARN_DEPRECATED_OBJC_IMPLEMENTATIONS = YES;
				CLANG_WARN_DIRECT_OBJC_ISA_USAGE = YES_ERROR;
				CLANG_WARN_DOCUMENTATION_COMMENTS = YES;
				CLANG_WARN_EMPTY_BODY = YES;
				CLANG_WARN_ENUM_CONVERSION = YES;
				CLANG_WARN_INFINITE_RECURSION = YES;
				CLANG_WARN_INT_CONVERSION = YES;
				CLANG_WARN_NON_LITERAL_NULL_CONVERSION = YES;
				CLANG_WARN_OBJC_IMPLICIT_RETAIN_SELF = YES;
				CLANG_WARN_OBJC_LITERAL_CONVERSION = YES;
				CLANG_WARN_OBJC_ROOT_CLASS = YES_ERROR;
				CLANG_WARN_QUOTED_INCLUDE_IN_FRAMEWORK_HEADER = YES;
				CLANG_WARN_RANGE_LOOP_ANALYSIS = YES;
				CLANG_WARN_STRICT_PROTOTYPES = YES;
				CLANG_WARN_SUSPICIOUS_MOVE = YES;
				CLANG_WARN_UNGUARDED_AVAILABILITY = YES_AGGRESSIVE;
				CLANG_WARN_UNREACHABLE_CODE = YES;
				CLANG_WARN__DUPLICATE_METHOD_MATCH = YES;
				COPY_PHASE_STRIP = NO;
				DEBUG_INFORMATION_FORMAT = "dwarf-with-dsym";
				ENABLE_NS_ASSERTIONS = NO;
				ENABLE_STRICT_OBJC_MSGSEND = YES;
				GCC_C_LANGUAGE_STANDARD = gnu11;
				GCC_NO_COMMON_BLOCKS = YES;
				GCC_WARN_64_TO_32_BIT_CONVERSION = YES;
				GCC_WARN_ABOUT_RETURN_TYPE = YES_ERROR;
				GCC_WARN_UNDECLARED_SELECTOR = YES;
				GCC_WARN_UNINITIALIZED_AUTOS = YES_AGGRESSIVE;
				GCC_WARN_UNUSED_FUNCTION = YES;
				GCC_WARN_UNUSED_VARIABLE = YES;
				IPHONEOS_DEPLOYMENT_TARGET = 14.5;
				MTL_ENABLE_DEBUG_INFO = NO;
				MTL_FAST_MATH = YES;
				SDKROOT = iphoneos;
				SWIFT_COMPILATION_MODE = wholemodule;
				SWIFT_OPTIMIZATION_LEVEL = "-O";
				VALIDATE_PRODUCT = YES;
			};
			name = Release;
		};
		347F3302265D46A900CE3804 /* Debug */ = {
			isa = XCBuildConfiguration;
			baseConfigurationReference = ACF901584548657A991FE9F4 /* Pods-RSS Reader.debug.xcconfig */;
			buildSettings = {
				ASSETCATALOG_COMPILER_APPICON_NAME = AppIcon;
				ASSETCATALOG_COMPILER_GLOBAL_ACCENT_COLOR_NAME = AccentColor;
				CODE_SIGN_STYLE = Automatic;
				DEVELOPMENT_TEAM = D28YKYJC2T;
				INFOPLIST_FILE = "RSS Reader/App/Info.plist";
				LD_RUNPATH_SEARCH_PATHS = (
					"$(inherited)",
					"@executable_path/Frameworks",
				);
				PRODUCT_BUNDLE_IDENTIFIER = "ru.vladislavcheremisov.ContactsApp.RSS-Reader";
				PRODUCT_NAME = "$(TARGET_NAME)";
				SWIFT_VERSION = 5.0;
				TARGETED_DEVICE_FAMILY = "1,2";
			};
			name = Debug;
		};
		347F3303265D46A900CE3804 /* Release */ = {
			isa = XCBuildConfiguration;
			baseConfigurationReference = E92DAB30DB3B23354728FCFD /* Pods-RSS Reader.release.xcconfig */;
			buildSettings = {
				ASSETCATALOG_COMPILER_APPICON_NAME = AppIcon;
				ASSETCATALOG_COMPILER_GLOBAL_ACCENT_COLOR_NAME = AccentColor;
				CODE_SIGN_STYLE = Automatic;
				DEVELOPMENT_TEAM = D28YKYJC2T;
				INFOPLIST_FILE = "RSS Reader/App/Info.plist";
				LD_RUNPATH_SEARCH_PATHS = (
					"$(inherited)",
					"@executable_path/Frameworks",
				);
				PRODUCT_BUNDLE_IDENTIFIER = "ru.vladislavcheremisov.ContactsApp.RSS-Reader";
				PRODUCT_NAME = "$(TARGET_NAME)";
				SWIFT_VERSION = 5.0;
				TARGETED_DEVICE_FAMILY = "1,2";
			};
			name = Release;
		};
/* End XCBuildConfiguration section */

/* Begin XCConfigurationList section */
		347F32E8265D46A800CE3804 /* Build configuration list for PBXProject "RSS Reader" */ = {
			isa = XCConfigurationList;
			buildConfigurations = (
				347F32FF265D46A900CE3804 /* Debug */,
				347F3300265D46A900CE3804 /* Release */,
			);
			defaultConfigurationIsVisible = 0;
			defaultConfigurationName = Release;
		};
		347F3301265D46A900CE3804 /* Build configuration list for PBXNativeTarget "RSS Reader" */ = {
			isa = XCConfigurationList;
			buildConfigurations = (
				347F3302265D46A900CE3804 /* Debug */,
				347F3303265D46A900CE3804 /* Release */,
			);
			defaultConfigurationIsVisible = 0;
			defaultConfigurationName = Release;
		};
/* End XCConfigurationList section */
	};
	rootObject = 347F32E5265D46A800CE3804 /* Project object */;
}
